
Microsoft Visual Studio Solution File, Format Version 12.00
# Visual Studio Version 17
VisualStudioVersion = 17.13.35931.197 d17.13
MinimumVisualStudioVersion = 10.0.40219.1
Project("{FAE04EC0-301F-11D3-BF4B-00C04F79EFBC}") = "CS_Bacics", "CS_Bacics\CS_Bacics.csproj", "{BBE9CB25-CEED-4301-BC33-F5E98B479319}"
EndProject
Global
	GlobalSection(SolutionConfigurationPlatforms) = preSolution
		Debug|Any CPU = Debug|Any CPU
		Release|Any CPU = Release|Any CPU
	EndGlobalSection
	GlobalSection(ProjectConfigurationPlatforms) = postSolution
		{BBE9CB25-CEED-4301-BC33-F5E98B479319}.Debug|Any CPU.ActiveCfg = Debug|Any CPU
		{BBE9CB25-CEED-4301-BC33-F5E98B479319}.Debug|Any CPU.Build.0 = Debug|Any CPU
		{BBE9CB25-CEED-4301-BC33-F5E98B479319}.Release|Any CPU.ActiveCfg = Release|Any CPU
		{BBE9CB25-CEED-4301-BC33-F5E98B479319}.Release|Any CPU.Build.0 = Release|Any CPU
	EndGlobalSection
	GlobalSection(SolutionProperties) = preSolution
		HideSolutionNode = FALSE
	EndGlobalSection
	GlobalSection(ExtensibilityGlobals) = postSolution
		SolutionGuid = {2A127E52-BEA6-4FE3-BFB3-29B5E495E75C}
	EndGlobalSection
EndGlobal
